
Microsoft Visual Studio Solution File, Format Version 12.00
# Visual Studio 2013
VisualStudioVersion = 12.0.21005.1
MinimumVisualStudioVersion = 10.0.40219.1
Project("{CC5FD16D-436D-48AD-A40C-5A424C6E3E79}") = "PaleoChallenge", "PaleoChallenge\PaleoChallenge.ccproj", "{67B213FC-774A-4683-9F31-96D886E87DE5}"
EndProject
Project("{FAE04EC0-301F-11D3-BF4B-00C04F79EFBC}") = "PaleoChallenge.UI", "PaleoChallenge.UI\PaleoChallenge.UI.csproj", "{8EB93EDF-9E0B-41A2-961C-937AF8AAE4EA}"
EndProject
Project("{FAE04EC0-301F-11D3-BF4B-00C04F79EFBC}") = "PaleoChallenge.Business", "PaleoChallenge.Business\PaleoChallenge.Business.csproj", "{54F6D9DA-FF53-4D85-B291-7FB3225217F4}"
EndProject
Project("{FAE04EC0-301F-11D3-BF4B-00C04F79EFBC}") = "PaleoChallenge.EnityDataAccess", "PaleoChallenge.EnityDataAccess\PaleoChallenge.EnityDataAccess.csproj", "{F05AA1C9-5647-4BD3-AAE8-A5CCFEC27405}"
EndProject
Project("{2150E333-8FDC-42A3-9474-1A3956D46DE8}") = "Tests", "Tests", "{6A60813C-DEC3-4974-93D3-38134D108986}"
EndProject
Project("{FAE04EC0-301F-11D3-BF4B-00C04F79EFBC}") = "PaleoChallenge.Business.Tests", "PaleoChallenge.Business.Tests\PaleoChallenge.Business.Tests.csproj", "{36769B65-2B86-4F67-A3AB-825BC9D611A3}"
EndProject
Project("{FAE04EC0-301F-11D3-BF4B-00C04F79EFBC}") = "PaleoChallenge.UI.Tests", "PaleoChallenge.UI.Tests\PaleoChallenge.UI.Tests.csproj", "{480FA242-FF15-4777-943D-E4A6CF2297D3}"
EndProject
Global
	GlobalSection(SolutionConfigurationPlatforms) = preSolution
		Debug|Any CPU = Debug|Any CPU
		Release|Any CPU = Release|Any CPU
	EndGlobalSection
	GlobalSection(ProjectConfigurationPlatforms) = postSolution
		{67B213FC-774A-4683-9F31-96D886E87DE5}.Debug|Any CPU.ActiveCfg = Debug|Any CPU
		{67B213FC-774A-4683-9F31-96D886E87DE5}.Debug|Any CPU.Build.0 = Debug|Any CPU
		{67B213FC-774A-4683-9F31-96D886E87DE5}.Release|Any CPU.ActiveCfg = Release|Any CPU
		{67B213FC-774A-4683-9F31-96D886E87DE5}.Release|Any CPU.Build.0 = Release|Any CPU
		{8EB93EDF-9E0B-41A2-961C-937AF8AAE4EA}.Debug|Any CPU.ActiveCfg = Debug|Any CPU
		{8EB93EDF-9E0B-41A2-961C-937AF8AAE4EA}.Debug|Any CPU.Build.0 = Debug|Any CPU
		{8EB93EDF-9E0B-41A2-961C-937AF8AAE4EA}.Release|Any CPU.ActiveCfg = Release|Any CPU
		{8EB93EDF-9E0B-41A2-961C-937AF8AAE4EA}.Release|Any CPU.Build.0 = Release|Any CPU
		{54F6D9DA-FF53-4D85-B291-7FB3225217F4}.Debug|Any CPU.ActiveCfg = Debug|Any CPU
		{54F6D9DA-FF53-4D85-B291-7FB3225217F4}.Debug|Any CPU.Build.0 = Debug|Any CPU
		{54F6D9DA-FF53-4D85-B291-7FB3225217F4}.Release|Any CPU.ActiveCfg = Release|Any CPU
		{54F6D9DA-FF53-4D85-B291-7FB3225217F4}.Release|Any CPU.Build.0 = Release|Any CPU
		{F05AA1C9-5647-4BD3-AAE8-A5CCFEC27405}.Debug|Any CPU.ActiveCfg = Debug|Any CPU
		{F05AA1C9-5647-4BD3-AAE8-A5CCFEC27405}.Debug|Any CPU.Build.0 = Debug|Any CPU
		{F05AA1C9-5647-4BD3-AAE8-A5CCFEC27405}.Release|Any CPU.ActiveCfg = Release|Any CPU
		{F05AA1C9-5647-4BD3-AAE8-A5CCFEC27405}.Release|Any CPU.Build.0 = Release|Any CPU
		{36769B65-2B86-4F67-A3AB-825BC9D611A3}.Debug|Any CPU.ActiveCfg = Debug|Any CPU
		{36769B65-2B86-4F67-A3AB-825BC9D611A3}.Debug|Any CPU.Build.0 = Debug|Any CPU
		{36769B65-2B86-4F67-A3AB-825BC9D611A3}.Release|Any CPU.ActiveCfg = Release|Any CPU
		{36769B65-2B86-4F67-A3AB-825BC9D611A3}.Release|Any CPU.Build.0 = Release|Any CPU
		{480FA242-FF15-4777-943D-E4A6CF2297D3}.Debug|Any CPU.ActiveCfg = Debug|Any CPU
		{480FA242-FF15-4777-943D-E4A6CF2297D3}.Debug|Any CPU.Build.0 = Debug|Any CPU
		{480FA242-FF15-4777-943D-E4A6CF2297D3}.Release|Any CPU.ActiveCfg = Release|Any CPU
		{480FA242-FF15-4777-943D-E4A6CF2297D3}.Release|Any CPU.Build.0 = Release|Any CPU
	EndGlobalSection
	GlobalSection(SolutionProperties) = preSolution
		HideSolutionNode = FALSE
	EndGlobalSection
	GlobalSection(NestedProjects) = preSolution
		{36769B65-2B86-4F67-A3AB-825BC9D611A3} = {6A60813C-DEC3-4974-93D3-38134D108986}
		{480FA242-FF15-4777-943D-E4A6CF2297D3} = {6A60813C-DEC3-4974-93D3-38134D108986}
	EndGlobalSection
EndGlobal
